
Microsoft Visual Studio Solution File, Format Version 12.00
# Visual Studio Version 16
VisualStudioVersion = 16.0.30404.54
MinimumVisualStudioVersion = 10.0.40219.1
Project("{FAE04EC0-301F-11D3-BF4B-00C04F79EFBC}") = "Wildfox.Server", "Server\Wildfox.Server.csproj", "{617FE83D-9849-4734-9B11-0E82CFCB30C7}"
EndProject
Project("{FAE04EC0-301F-11D3-BF4B-00C04F79EFBC}") = "Wildfox.Client", "Client\Wildfox.Client.csproj", "{3DE4F911-EED0-46C8-8E86-5479C367E34C}"
EndProject
Project("{FAE04EC0-301F-11D3-BF4B-00C04F79EFBC}") = "Wildfox.Shared", "Shared\Wildfox.Shared.csproj", "{505DAEF5-D499-4FAB-9B8D-017280DA1F06}"
EndProject
Global
	GlobalSection(SolutionConfigurationPlatforms) = preSolution
		Debug|Any CPU = Debug|Any CPU
		Release|Any CPU = Release|Any CPU
	EndGlobalSection
	GlobalSection(ProjectConfigurationPlatforms) = postSolution
		{617FE83D-9849-4734-9B11-0E82CFCB30C7}.Debug|Any CPU.ActiveCfg = Debug|Any CPU
		{617FE83D-9849-4734-9B11-0E82CFCB30C7}.Debug|Any CPU.Build.0 = Debug|Any CPU
		{617FE83D-9849-4734-9B11-0E82CFCB30C7}.Release|Any CPU.ActiveCfg = Release|Any CPU
		{617FE83D-9849-4734-9B11-0E82CFCB30C7}.Release|Any CPU.Build.0 = Release|Any CPU
		{3DE4F911-EED0-46C8-8E86-5479C367E34C}.Debug|Any CPU.ActiveCfg = Debug|Any CPU
		{3DE4F911-EED0-46C8-8E86-5479C367E34C}.Debug|Any CPU.Build.0 = Debug|Any CPU
		{3DE4F911-EED0-46C8-8E86-5479C367E34C}.Release|Any CPU.ActiveCfg = Release|Any CPU
		{3DE4F911-EED0-46C8-8E86-5479C367E34C}.Release|Any CPU.Build.0 = Release|Any CPU
		{505DAEF5-D499-4FAB-9B8D-017280DA1F06}.Debug|Any CPU.ActiveCfg = Debug|Any CPU
		{505DAEF5-D499-4FAB-9B8D-017280DA1F06}.Debug|Any CPU.Build.0 = Debug|Any CPU
		{505DAEF5-D499-4FAB-9B8D-017280DA1F06}.Release|Any CPU.ActiveCfg = Release|Any CPU
		{505DAEF5-D499-4FAB-9B8D-017280DA1F06}.Release|Any CPU.Build.0 = Release|Any CPU
	EndGlobalSection
	GlobalSection(SolutionProperties) = preSolution
		HideSolutionNode = FALSE
	EndGlobalSection
	GlobalSection(ExtensibilityGlobals) = postSolution
		SolutionGuid = {481AD45B-D0F9-4133-98A2-FBF62DFD747C}
	EndGlobalSection
EndGlobal
